
Microsoft Visual Studio Solution File, Format Version 12.00
# Visual Studio Version 17
VisualStudioVersion = 17.9.34902.65
MinimumVisualStudioVersion = 10.0.40219.1
Project("{FAE04EC0-301F-11D3-BF4B-00C04F79EFBC}") = "Atividade01.Tests", "Atividade01.Tests\Atividade01.Tests.csproj", "{D397DFF5-F078-41A5-9484-ACF78A8C5902}"
EndProject
Project("{FAE04EC0-301F-11D3-BF4B-00C04F79EFBC}") = "Atividade02", "Atividade02\Atividade02.csproj", "{701A16A8-D2E4-4246-A19D-4B33E0795E9B}"
EndProject
Project("{FAE04EC0-301F-11D3-BF4B-00C04F79EFBC}") = "Atividade02.Tests", "Atividade02.Tests\Atividade02.Tests.csproj", "{E811DD62-CA87-4E5F-B033-07D2333B55A9}"
EndProject
Project("{FAE04EC0-301F-11D3-BF4B-00C04F79EFBC}") = "Atividade01", "Atividade01\Atividade01.csproj", "{AFEC57DC-FB73-4EEC-A0DA-DBFDFB3792FA}"
EndProject
Project("{FAE04EC0-301F-11D3-BF4B-00C04F79EFBC}") = "Atividade03", "Atividade03\Atividade03.csproj", "{311E48AC-4531-4299-8FDB-5816FD06F080}"
EndProject
Project("{FAE04EC0-301F-11D3-BF4B-00C04F79EFBC}") = "Atividade03.Tests", "Atividade03.Tests\Atividade03.Tests.csproj", "{776F9B08-8989-4669-9093-C79915359B04}"
EndProject
Project("{FAE04EC0-301F-11D3-BF4B-00C04F79EFBC}") = "Atividade04", "Atividade04\Atividade04.csproj", "{7B92B907-3BA3-4E41-B58E-677379E39D01}"
EndProject
Project("{FAE04EC0-301F-11D3-BF4B-00C04F79EFBC}") = "Atividade04.Tests", "Atividade04.Tests\Atividade04.Tests.csproj", "{1BD87A17-1310-490B-8930-C396A8EC772E}"
EndProject
Project("{FAE04EC0-301F-11D3-BF4B-00C04F79EFBC}") = "Atividade05", "Atividade05\Atividade05.csproj", "{A437A252-EA29-48E4-A52B-181E6C0BCEC8}"
EndProject
Project("{FAE04EC0-301F-11D3-BF4B-00C04F79EFBC}") = "Atividade05.Tests", "Atividade05.Tests\Atividade05.Tests.csproj", "{1B92C1E5-10FD-428D-912E-651074535A1D}"
EndProject
Project("{FAE04EC0-301F-11D3-BF4B-00C04F79EFBC}") = "Atividade06", "Atividade06\Atividade06.csproj", "{E760BBA1-3003-4E2C-B824-E0F8B3B2DC81}"
EndProject
Project("{FAE04EC0-301F-11D3-BF4B-00C04F79EFBC}") = "Atividade07", "Atividade07\Atividade07.csproj", "{95EDF873-D6B3-450B-8C61-434A33B0A3E8}"
EndProject
Project("{FAE04EC0-301F-11D3-BF4B-00C04F79EFBC}") = "Atividade08", "Atividade08\Atividade08.csproj", "{69A17D47-8AA2-48A8-BC04-80282F8373D2}"
EndProject
Project("{FAE04EC0-301F-11D3-BF4B-00C04F79EFBC}") = "Atividade09", "Atividade09\Atividade09.csproj", "{0673147A-82D5-4E71-A5E2-F2F38FA00324}"
EndProject
Project("{2150E333-8FDC-42A3-9474-1A3956D46DE8}") = "Solution Items", "Solution Items", "{E59DAC8C-099C-46CD-9135-D93773E887AA}"
	ProjectSection(SolutionItems) = preProject
		.gitignore = .gitignore
	EndProjectSection
EndProject
Project("{FAE04EC0-301F-11D3-BF4B-00C04F79EFBC}") = "Atividade06.Tests", "Atividade06.Tests\Atividade06.Tests.csproj", "{07C7D627-697F-4EA6-9FB6-D992814ECD2C}"
EndProject
Project("{FAE04EC0-301F-11D3-BF4B-00C04F79EFBC}") = "Atividade07.Tests", "Atividade07.Tests\Atividade07.Tests.csproj", "{57D76E18-B3F9-4514-BA38-F2A553317EB9}"
EndProject
Project("{FAE04EC0-301F-11D3-BF4B-00C04F79EFBC}") = "Atividade08Tests", "Atividade08Tests\Atividade08Tests.csproj", "{C977A9BC-6B4B-4C4E-BD8C-F6CCE696E557}"
EndProject
Project("{FAE04EC0-301F-11D3-BF4B-00C04F79EFBC}") = "Atividade09Testes", "Atividade09Testes\Atividade09Testes.csproj", "{189FF98E-FF8B-4F21-83DF-9DD0C2944B48}"
EndProject
Project("{FAE04EC0-301F-11D3-BF4B-00C04F79EFBC}") = "Atividade10", "Atividade10\Atividade10.csproj", "{DCA5F62C-250F-4F6B-AC29-4F351C4B7AC8}"
EndProject
Project("{FAE04EC0-301F-11D3-BF4B-00C04F79EFBC}") = "Atividade10.Tests", "Atividade10.Tests\Atividade10.Tests.csproj", "{0642CA1F-B232-4C38-9DF6-829CFE3A6F0C}"
EndProject
Project("{FAE04EC0-301F-11D3-BF4B-00C04F79EFBC}") = "Atividade11", "Atividade11\Atividade11.csproj", "{1702489D-2788-4190-9573-DDBF617C2A1B}"
EndProject
Project("{FAE04EC0-301F-11D3-BF4B-00C04F79EFBC}") = "Atividade11.Tests", "Atividade11.Tests\Atividade11.Tests.csproj", "{87B6A768-E0B2-43C3-B497-A2AFB680BD97}"
EndProject
Project("{FAE04EC0-301F-11D3-BF4B-00C04F79EFBC}") = "Atividade13", "Atividade13\Atividade13.csproj", "{7F4DAB85-FB49-4C48-94F6-F1322E98D231}"
EndProject
Project("{FAE04EC0-301F-11D3-BF4B-00C04F79EFBC}") = "Atividade13.Tests", "Atividade13.Tests\Atividade13.Tests.csproj", "{14E4B560-DDDA-45E7-90DB-AABEAF79226F}"
EndProject
Project("{FAE04EC0-301F-11D3-BF4B-00C04F79EFBC}") = "Atividade14", "Atividade14\Atividade14.csproj", "{36DB51EB-AD9E-4218-9EA2-7C98D4CA7CBB}"
EndProject
Project("{FAE04EC0-301F-11D3-BF4B-00C04F79EFBC}") = "Atividade14.Tests", "Atividade14.Tests\Atividade14.Tests.csproj", "{4EBFAD24-4CB5-4B14-9C47-A82D2BA0F7BB}"
EndProject
Project("{FAE04EC0-301F-11D3-BF4B-00C04F79EFBC}") = "Atividade15", "Atividade15\Atividade15.csproj", "{68DBEA21-8E12-4D28-A8F7-75FF17E56291}"
EndProject
Project("{FAE04EC0-301F-11D3-BF4B-00C04F79EFBC}") = "Atividade15.Tests", "Atividade15.Tests\Atividade15.Tests.csproj", "{8A920648-E687-4B95-BCF7-D9A3DD1DDAE0}"
EndProject
Global
	GlobalSection(SolutionConfigurationPlatforms) = preSolution
		Debug|Any CPU = Debug|Any CPU
		Release|Any CPU = Release|Any CPU
	EndGlobalSection
	GlobalSection(ProjectConfigurationPlatforms) = postSolution
		{D397DFF5-F078-41A5-9484-ACF78A8C5902}.Debug|Any CPU.ActiveCfg = Debug|Any CPU
		{D397DFF5-F078-41A5-9484-ACF78A8C5902}.Debug|Any CPU.Build.0 = Debug|Any CPU
		{D397DFF5-F078-41A5-9484-ACF78A8C5902}.Release|Any CPU.ActiveCfg = Release|Any CPU
		{D397DFF5-F078-41A5-9484-ACF78A8C5902}.Release|Any CPU.Build.0 = Release|Any CPU
		{701A16A8-D2E4-4246-A19D-4B33E0795E9B}.Debug|Any CPU.ActiveCfg = Debug|Any CPU
		{701A16A8-D2E4-4246-A19D-4B33E0795E9B}.Debug|Any CPU.Build.0 = Debug|Any CPU
		{701A16A8-D2E4-4246-A19D-4B33E0795E9B}.Release|Any CPU.ActiveCfg = Release|Any CPU
		{701A16A8-D2E4-4246-A19D-4B33E0795E9B}.Release|Any CPU.Build.0 = Release|Any CPU
		{E811DD62-CA87-4E5F-B033-07D2333B55A9}.Debug|Any CPU.ActiveCfg = Debug|Any CPU
		{E811DD62-CA87-4E5F-B033-07D2333B55A9}.Debug|Any CPU.Build.0 = Debug|Any CPU
		{E811DD62-CA87-4E5F-B033-07D2333B55A9}.Release|Any CPU.ActiveCfg = Release|Any CPU
		{E811DD62-CA87-4E5F-B033-07D2333B55A9}.Release|Any CPU.Build.0 = Release|Any CPU
		{AFEC57DC-FB73-4EEC-A0DA-DBFDFB3792FA}.Debug|Any CPU.ActiveCfg = Debug|Any CPU
		{AFEC57DC-FB73-4EEC-A0DA-DBFDFB3792FA}.Debug|Any CPU.Build.0 = Debug|Any CPU
		{AFEC57DC-FB73-4EEC-A0DA-DBFDFB3792FA}.Release|Any CPU.ActiveCfg = Release|Any CPU
		{AFEC57DC-FB73-4EEC-A0DA-DBFDFB3792FA}.Release|Any CPU.Build.0 = Release|Any CPU
		{311E48AC-4531-4299-8FDB-5816FD06F080}.Debug|Any CPU.ActiveCfg = Debug|Any CPU
		{311E48AC-4531-4299-8FDB-5816FD06F080}.Debug|Any CPU.Build.0 = Debug|Any CPU
		{311E48AC-4531-4299-8FDB-5816FD06F080}.Release|Any CPU.ActiveCfg = Release|Any CPU
		{311E48AC-4531-4299-8FDB-5816FD06F080}.Release|Any CPU.Build.0 = Release|Any CPU
		{776F9B08-8989-4669-9093-C79915359B04}.Debug|Any CPU.ActiveCfg = Debug|Any CPU
		{776F9B08-8989-4669-9093-C79915359B04}.Debug|Any CPU.Build.0 = Debug|Any CPU
		{776F9B08-8989-4669-9093-C79915359B04}.Release|Any CPU.ActiveCfg = Release|Any CPU
		{776F9B08-8989-4669-9093-C79915359B04}.Release|Any CPU.Build.0 = Release|Any CPU
		{7B92B907-3BA3-4E41-B58E-677379E39D01}.Debug|Any CPU.ActiveCfg = Debug|Any CPU
		{7B92B907-3BA3-4E41-B58E-677379E39D01}.Debug|Any CPU.Build.0 = Debug|Any CPU
		{7B92B907-3BA3-4E41-B58E-677379E39D01}.Release|Any CPU.ActiveCfg = Release|Any CPU
		{7B92B907-3BA3-4E41-B58E-677379E39D01}.Release|Any CPU.Build.0 = Release|Any CPU
		{1BD87A17-1310-490B-8930-C396A8EC772E}.Debug|Any CPU.ActiveCfg = Debug|Any CPU
		{1BD87A17-1310-490B-8930-C396A8EC772E}.Debug|Any CPU.Build.0 = Debug|Any CPU
		{1BD87A17-1310-490B-8930-C396A8EC772E}.Release|Any CPU.ActiveCfg = Release|Any CPU
		{1BD87A17-1310-490B-8930-C396A8EC772E}.Release|Any CPU.Build.0 = Release|Any CPU
		{A437A252-EA29-48E4-A52B-181E6C0BCEC8}.Debug|Any CPU.ActiveCfg = Debug|Any CPU
		{A437A252-EA29-48E4-A52B-181E6C0BCEC8}.Debug|Any CPU.Build.0 = Debug|Any CPU
		{A437A252-EA29-48E4-A52B-181E6C0BCEC8}.Release|Any CPU.ActiveCfg = Release|Any CPU
		{A437A252-EA29-48E4-A52B-181E6C0BCEC8}.Release|Any CPU.Build.0 = Release|Any CPU
		{1B92C1E5-10FD-428D-912E-651074535A1D}.Debug|Any CPU.ActiveCfg = Debug|Any CPU
		{1B92C1E5-10FD-428D-912E-651074535A1D}.Debug|Any CPU.Build.0 = Debug|Any CPU
		{1B92C1E5-10FD-428D-912E-651074535A1D}.Release|Any CPU.ActiveCfg = Release|Any CPU
		{1B92C1E5-10FD-428D-912E-651074535A1D}.Release|Any CPU.Build.0 = Release|Any CPU
		{E760BBA1-3003-4E2C-B824-E0F8B3B2DC81}.Debug|Any CPU.ActiveCfg = Debug|Any CPU
		{E760BBA1-3003-4E2C-B824-E0F8B3B2DC81}.Debug|Any CPU.Build.0 = Debug|Any CPU
		{E760BBA1-3003-4E2C-B824-E0F8B3B2DC81}.Release|Any CPU.ActiveCfg = Release|Any CPU
		{E760BBA1-3003-4E2C-B824-E0F8B3B2DC81}.Release|Any CPU.Build.0 = Release|Any CPU
		{95EDF873-D6B3-450B-8C61-434A33B0A3E8}.Debug|Any CPU.ActiveCfg = Debug|Any CPU
		{95EDF873-D6B3-450B-8C61-434A33B0A3E8}.Debug|Any CPU.Build.0 = Debug|Any CPU
		{95EDF873-D6B3-450B-8C61-434A33B0A3E8}.Release|Any CPU.ActiveCfg = Release|Any CPU
		{95EDF873-D6B3-450B-8C61-434A33B0A3E8}.Release|Any CPU.Build.0 = Release|Any CPU
		{69A17D47-8AA2-48A8-BC04-80282F8373D2}.Debug|Any CPU.ActiveCfg = Debug|Any CPU
		{69A17D47-8AA2-48A8-BC04-80282F8373D2}.Debug|Any CPU.Build.0 = Debug|Any CPU
		{69A17D47-8AA2-48A8-BC04-80282F8373D2}.Release|Any CPU.ActiveCfg = Release|Any CPU
		{69A17D47-8AA2-48A8-BC04-80282F8373D2}.Release|Any CPU.Build.0 = Release|Any CPU
		{0673147A-82D5-4E71-A5E2-F2F38FA00324}.Debug|Any CPU.ActiveCfg = Debug|Any CPU
		{0673147A-82D5-4E71-A5E2-F2F38FA00324}.Debug|Any CPU.Build.0 = Debug|Any CPU
		{0673147A-82D5-4E71-A5E2-F2F38FA00324}.Release|Any CPU.ActiveCfg = Release|Any CPU
		{0673147A-82D5-4E71-A5E2-F2F38FA00324}.Release|Any CPU.Build.0 = Release|Any CPU
		{07C7D627-697F-4EA6-9FB6-D992814ECD2C}.Debug|Any CPU.ActiveCfg = Debug|Any CPU
		{07C7D627-697F-4EA6-9FB6-D992814ECD2C}.Debug|Any CPU.Build.0 = Debug|Any CPU
		{07C7D627-697F-4EA6-9FB6-D992814ECD2C}.Release|Any CPU.ActiveCfg = Release|Any CPU
		{07C7D627-697F-4EA6-9FB6-D992814ECD2C}.Release|Any CPU.Build.0 = Release|Any CPU
		{57D76E18-B3F9-4514-BA38-F2A553317EB9}.Debug|Any CPU.ActiveCfg = Debug|Any CPU
		{57D76E18-B3F9-4514-BA38-F2A553317EB9}.Debug|Any CPU.Build.0 = Debug|Any CPU
		{57D76E18-B3F9-4514-BA38-F2A553317EB9}.Release|Any CPU.ActiveCfg = Release|Any CPU
		{57D76E18-B3F9-4514-BA38-F2A553317EB9}.Release|Any CPU.Build.0 = Release|Any CPU
		{C977A9BC-6B4B-4C4E-BD8C-F6CCE696E557}.Debug|Any CPU.ActiveCfg = Debug|Any CPU
		{C977A9BC-6B4B-4C4E-BD8C-F6CCE696E557}.Debug|Any CPU.Build.0 = Debug|Any CPU
		{C977A9BC-6B4B-4C4E-BD8C-F6CCE696E557}.Release|Any CPU.ActiveCfg = Release|Any CPU
		{C977A9BC-6B4B-4C4E-BD8C-F6CCE696E557}.Release|Any CPU.Build.0 = Release|Any CPU
		{189FF98E-FF8B-4F21-83DF-9DD0C2944B48}.Debug|Any CPU.ActiveCfg = Debug|Any CPU
		{189FF98E-FF8B-4F21-83DF-9DD0C2944B48}.Debug|Any CPU.Build.0 = Debug|Any CPU
		{189FF98E-FF8B-4F21-83DF-9DD0C2944B48}.Release|Any CPU.ActiveCfg = Release|Any CPU
		{189FF98E-FF8B-4F21-83DF-9DD0C2944B48}.Release|Any CPU.Build.0 = Release|Any CPU
		{DCA5F62C-250F-4F6B-AC29-4F351C4B7AC8}.Debug|Any CPU.ActiveCfg = Debug|Any CPU
		{DCA5F62C-250F-4F6B-AC29-4F351C4B7AC8}.Debug|Any CPU.Build.0 = Debug|Any CPU
		{DCA5F62C-250F-4F6B-AC29-4F351C4B7AC8}.Release|Any CPU.ActiveCfg = Release|Any CPU
		{DCA5F62C-250F-4F6B-AC29-4F351C4B7AC8}.Release|Any CPU.Build.0 = Release|Any CPU
		{0642CA1F-B232-4C38-9DF6-829CFE3A6F0C}.Debug|Any CPU.ActiveCfg = Debug|Any CPU
		{0642CA1F-B232-4C38-9DF6-829CFE3A6F0C}.Debug|Any CPU.Build.0 = Debug|Any CPU
		{0642CA1F-B232-4C38-9DF6-829CFE3A6F0C}.Release|Any CPU.ActiveCfg = Release|Any CPU
		{0642CA1F-B232-4C38-9DF6-829CFE3A6F0C}.Release|Any CPU.Build.0 = Release|Any CPU
		{1702489D-2788-4190-9573-DDBF617C2A1B}.Debug|Any CPU.ActiveCfg = Debug|Any CPU
		{1702489D-2788-4190-9573-DDBF617C2A1B}.Debug|Any CPU.Build.0 = Debug|Any CPU
		{1702489D-2788-4190-9573-DDBF617C2A1B}.Release|Any CPU.ActiveCfg = Release|Any CPU
		{1702489D-2788-4190-9573-DDBF617C2A1B}.Release|Any CPU.Build.0 = Release|Any CPU
		{87B6A768-E0B2-43C3-B497-A2AFB680BD97}.Debug|Any CPU.ActiveCfg = Debug|Any CPU
		{87B6A768-E0B2-43C3-B497-A2AFB680BD97}.Debug|Any CPU.Build.0 = Debug|Any CPU
		{87B6A768-E0B2-43C3-B497-A2AFB680BD97}.Release|Any CPU.ActiveCfg = Release|Any CPU
		{87B6A768-E0B2-43C3-B497-A2AFB680BD97}.Release|Any CPU.Build.0 = Release|Any CPU
		{7F4DAB85-FB49-4C48-94F6-F1322E98D231}.Debug|Any CPU.ActiveCfg = Debug|Any CPU
		{7F4DAB85-FB49-4C48-94F6-F1322E98D231}.Debug|Any CPU.Build.0 = Debug|Any CPU
		{7F4DAB85-FB49-4C48-94F6-F1322E98D231}.Release|Any CPU.ActiveCfg = Release|Any CPU
		{7F4DAB85-FB49-4C48-94F6-F1322E98D231}.Release|Any CPU.Build.0 = Release|Any CPU
		{14E4B560-DDDA-45E7-90DB-AABEAF79226F}.Debug|Any CPU.ActiveCfg = Debug|Any CPU
		{14E4B560-DDDA-45E7-90DB-AABEAF79226F}.Debug|Any CPU.Build.0 = Debug|Any CPU
		{14E4B560-DDDA-45E7-90DB-AABEAF79226F}.Release|Any CPU.ActiveCfg = Release|Any CPU
		{14E4B560-DDDA-45E7-90DB-AABEAF79226F}.Release|Any CPU.Build.0 = Release|Any CPU
		{36DB51EB-AD9E-4218-9EA2-7C98D4CA7CBB}.Debug|Any CPU.ActiveCfg = Debug|Any CPU
		{36DB51EB-AD9E-4218-9EA2-7C98D4CA7CBB}.Debug|Any CPU.Build.0 = Debug|Any CPU
		{36DB51EB-AD9E-4218-9EA2-7C98D4CA7CBB}.Release|Any CPU.ActiveCfg = Release|Any CPU
		{36DB51EB-AD9E-4218-9EA2-7C98D4CA7CBB}.Release|Any CPU.Build.0 = Release|Any CPU
		{4EBFAD24-4CB5-4B14-9C47-A82D2BA0F7BB}.Debug|Any CPU.ActiveCfg = Debug|Any CPU
		{4EBFAD24-4CB5-4B14-9C47-A82D2BA0F7BB}.Debug|Any CPU.Build.0 = Debug|Any CPU
		{4EBFAD24-4CB5-4B14-9C47-A82D2BA0F7BB}.Release|Any CPU.ActiveCfg = Release|Any CPU
		{4EBFAD24-4CB5-4B14-9C47-A82D2BA0F7BB}.Release|Any CPU.Build.0 = Release|Any CPU
		{68DBEA21-8E12-4D28-A8F7-75FF17E56291}.Debug|Any CPU.ActiveCfg = Debug|Any CPU
		{68DBEA21-8E12-4D28-A8F7-75FF17E56291}.Debug|Any CPU.Build.0 = Debug|Any CPU
		{68DBEA21-8E12-4D28-A8F7-75FF17E56291}.Release|Any CPU.ActiveCfg = Release|Any CPU
		{68DBEA21-8E12-4D28-A8F7-75FF17E56291}.Release|Any CPU.Build.0 = Release|Any CPU
		{8A920648-E687-4B95-BCF7-D9A3DD1DDAE0}.Debug|Any CPU.ActiveCfg = Debug|Any CPU
		{8A920648-E687-4B95-BCF7-D9A3DD1DDAE0}.Debug|Any CPU.Build.0 = Debug|Any CPU
		{8A920648-E687-4B95-BCF7-D9A3DD1DDAE0}.Release|Any CPU.ActiveCfg = Release|Any CPU
		{8A920648-E687-4B95-BCF7-D9A3DD1DDAE0}.Release|Any CPU.Build.0 = Release|Any CPU
	EndGlobalSection
	GlobalSection(SolutionProperties) = preSolution
		HideSolutionNode = FALSE
	EndGlobalSection
	GlobalSection(ExtensibilityGlobals) = postSolution
		SolutionGuid = {CFCE9424-5151-4B96-8F87-CD13E04749D7}
	EndGlobalSection
EndGlobal
